
Microsoft Visual Studio Solution File, Format Version 12.00
# Visual Studio 15
VisualStudioVersion = 15.0.27130.2024
MinimumVisualStudioVersion = 10.0.40219.1
Project("{FAE04EC0-301F-11D3-BF4B-00C04F79EFBC}") = "MRA_UI_RegressionTests", "MRA_UI_RegressionTests\MRA_UI_RegressionTests.csproj", "{88BE4DE1-D91C-4377-AA06-8FD2E04C7F8B}"
EndProject
Global
	GlobalSection(SolutionConfigurationPlatforms) = preSolution
		Debug|Any CPU = Debug|Any CPU
		Release|Any CPU = Release|Any CPU
	EndGlobalSection
	GlobalSection(ProjectConfigurationPlatforms) = postSolution
		{88BE4DE1-D91C-4377-AA06-8FD2E04C7F8B}.Debug|Any CPU.ActiveCfg = Debug|Any CPU
		{88BE4DE1-D91C-4377-AA06-8FD2E04C7F8B}.Debug|Any CPU.Build.0 = Debug|Any CPU
		{88BE4DE1-D91C-4377-AA06-8FD2E04C7F8B}.Release|Any CPU.ActiveCfg = Release|Any CPU
		{88BE4DE1-D91C-4377-AA06-8FD2E04C7F8B}.Release|Any CPU.Build.0 = Release|Any CPU
	EndGlobalSection
	GlobalSection(SolutionProperties) = preSolution
		HideSolutionNode = FALSE
	EndGlobalSection
	GlobalSection(ExtensibilityGlobals) = postSolution
		SolutionGuid = {13510253-4DAE-4A89-B086-AF6021BB909E}
	EndGlobalSection
EndGlobal
